
Microsoft Visual Studio Solution File, Format Version 12.00
Project("{2150E333-8FDC-42A3-9474-1A3956D46DE8}") = "src", "src", "{49443D19-18D2-4FA0-9202-B87CB562CBAA}"
EndProject
Project("{FAE04EC0-301F-11D3-BF4B-00C04F79EFBC}") = "InstMarketingProcessor.Analyzer", "InstMarketingProcessor.Analyzer\InstMarketingProcessor.Analyzer.csproj", "{442780F2-A58B-431C-BBD6-5B63C036ED53}"
EndProject
Global
	GlobalSection(SolutionConfigurationPlatforms) = preSolution
		Debug|Any CPU = Debug|Any CPU
		Release|Any CPU = Release|Any CPU
	EndGlobalSection
	GlobalSection(ProjectConfigurationPlatforms) = postSolution
		{442780F2-A58B-431C-BBD6-5B63C036ED53}.Debug|Any CPU.ActiveCfg = Debug|Any CPU
		{442780F2-A58B-431C-BBD6-5B63C036ED53}.Debug|Any CPU.Build.0 = Debug|Any CPU
		{442780F2-A58B-431C-BBD6-5B63C036ED53}.Release|Any CPU.ActiveCfg = Release|Any CPU
		{442780F2-A58B-431C-BBD6-5B63C036ED53}.Release|Any CPU.Build.0 = Release|Any CPU
	EndGlobalSection
	GlobalSection(NestedProjects) = preSolution
		{442780F2-A58B-431C-BBD6-5B63C036ED53} = {49443D19-18D2-4FA0-9202-B87CB562CBAA}
	EndGlobalSection
EndGlobal
